
Microsoft Visual Studio Solution File, Format Version 12.00
# Visual Studio Version 17
VisualStudioVersion = 17.9.34902.65
MinimumVisualStudioVersion = 10.0.40219.1
Project("{FAE04EC0-301F-11D3-BF4B-00C04F79EFBC}") = "MP3-Player", "MP3-Player\MP3-Player.csproj", "{5BC8F95C-C4F8-4C0A-8EA6-FCEE14DEE957}"
EndProject
Global
	GlobalSection(SolutionConfigurationPlatforms) = preSolution
		Debug|Any CPU = Debug|Any CPU
		Release|Any CPU = Release|Any CPU
	EndGlobalSection
	GlobalSection(ProjectConfigurationPlatforms) = postSolution
		{5BC8F95C-C4F8-4C0A-8EA6-FCEE14DEE957}.Debug|Any CPU.ActiveCfg = Debug|Any CPU
		{5BC8F95C-C4F8-4C0A-8EA6-FCEE14DEE957}.Debug|Any CPU.Build.0 = Debug|Any CPU
		{5BC8F95C-C4F8-4C0A-8EA6-FCEE14DEE957}.Release|Any CPU.ActiveCfg = Release|Any CPU
		{5BC8F95C-C4F8-4C0A-8EA6-FCEE14DEE957}.Release|Any CPU.Build.0 = Release|Any CPU
	EndGlobalSection
	GlobalSection(SolutionProperties) = preSolution
		HideSolutionNode = FALSE
	EndGlobalSection
	GlobalSection(ExtensibilityGlobals) = postSolution
		SolutionGuid = {4A6125C1-4244-4FD8-B98F-D121AFF7822C}
	EndGlobalSection
EndGlobal
